
Microsoft Visual Studio Solution File, Format Version 12.00
# Visual Studio Version 17
VisualStudioVersion = 17.0.31903.59
MinimumVisualStudioVersion = 10.0.40219.1
Project("{FAE04EC0-301F-11D3-BF4B-00C04F79EFBC}") = "IKVM.MSBuild.SkipDuplicates", "IKVM.MSBuild.SkipDuplicates\IKVM.MSBuild.SkipDuplicates.csproj", "{BB22B458-746F-4B1C-944B-75B733325E2B}"
EndProject
Project("{2150E333-8FDC-42A3-9474-1A3956D46DE8}") = "Projektmappenelemente", "Projektmappenelemente", "{84D27F74-D2BA-6C25-2661-968F101900D9}"
	ProjectSection(SolutionItems) = preProject
		.editorconfig = .editorconfig
		.gitignore = .gitignore
		Directory.Build.props = Directory.Build.props
		Directory.Build.targets = Directory.Build.targets
		README = README
	EndProjectSection
EndProject
Global
	GlobalSection(SolutionConfigurationPlatforms) = preSolution
		Debug|Any CPU = Debug|Any CPU
		Debug|x64 = Debug|x64
		Debug|x86 = Debug|x86
		Release|Any CPU = Release|Any CPU
		Release|x64 = Release|x64
		Release|x86 = Release|x86
	EndGlobalSection
	GlobalSection(ProjectConfigurationPlatforms) = postSolution
		{BB22B458-746F-4B1C-944B-75B733325E2B}.Debug|Any CPU.ActiveCfg = Debug|Any CPU
		{BB22B458-746F-4B1C-944B-75B733325E2B}.Debug|Any CPU.Build.0 = Debug|Any CPU
		{BB22B458-746F-4B1C-944B-75B733325E2B}.Debug|x64.ActiveCfg = Debug|Any CPU
		{BB22B458-746F-4B1C-944B-75B733325E2B}.Debug|x64.Build.0 = Debug|Any CPU
		{BB22B458-746F-4B1C-944B-75B733325E2B}.Debug|x86.ActiveCfg = Debug|Any CPU
		{BB22B458-746F-4B1C-944B-75B733325E2B}.Debug|x86.Build.0 = Debug|Any CPU
		{BB22B458-746F-4B1C-944B-75B733325E2B}.Release|Any CPU.ActiveCfg = Release|Any CPU
		{BB22B458-746F-4B1C-944B-75B733325E2B}.Release|Any CPU.Build.0 = Release|Any CPU
		{BB22B458-746F-4B1C-944B-75B733325E2B}.Release|x64.ActiveCfg = Release|Any CPU
		{BB22B458-746F-4B1C-944B-75B733325E2B}.Release|x64.Build.0 = Release|Any CPU
		{BB22B458-746F-4B1C-944B-75B733325E2B}.Release|x86.ActiveCfg = Release|Any CPU
		{BB22B458-746F-4B1C-944B-75B733325E2B}.Release|x86.Build.0 = Release|Any CPU
	EndGlobalSection
	GlobalSection(SolutionProperties) = preSolution
		HideSolutionNode = FALSE
	EndGlobalSection
EndGlobal
